---
lockfileVersion: '9.0'

importers:

  .:
    configDependencies: {}
    packageManagerDependencies:
      pnpm:
        specifier: 12.2.1
        version: 12.2.1

packages:

  '@pnpm/exe.darwin-arm64@12.2.1':
    resolution: {integrity: sha512-efC1yfz2xbyHiMLrQAYtnoo5XP20LeAiYYcyL1962qQagZrMXIB0BoQYeZoPTLggLh0Q4MD7jpZUInU5fWxCgQ==}
    cpu: [arm64]
    os: [darwin]

  '@pnpm/exe.darwin-x64@12.2.1':
    resolution: {integrity: sha512-0bloFmxrvYY5LYex5V6SZySwg+egBk0pOW+YUeOm9fiG2U1wv+qRVLBOUvIzLAeJE7vBlAzxUwXkQAYtr12n+Q==}
    cpu: [x64]
    os: [darwin]

  '@pnpm/exe.linux-arm64-musl@12.2.1':
    resolution: {integrity: sha512-AZl7apVZC4TV1/vTp/bS16XUsHeqx9AHsU4V55joiGR+iR6vl+WF0WlGvGCTjqjICS4q/kThpgNrtG8aqQ9seQ==}
    cpu: [arm64]
    os: [linux]
    libc: [musl]

  '@pnpm/exe.linux-arm64@12.2.1':
    resolution: {integrity: sha512-S36+tMEGrPz3nwtfFU9kYxbHoi8sV7WJfMO9njEL4jRaShTNaLRERMAqyI2DUCiA5QCr6/a50lt4+pKCV2mCvw==}
    cpu: [arm64]
    os: [linux]
    libc: [glibc]

  '@pnpm/exe.linux-x64-musl@12.2.1':
    resolution: {integrity: sha512-4MQClkAk1em55LFZJpeIqb7j+gEqCgX8yC42j9DFWL42q1uMX1e1tvTy2Dtd4NoWQqgdkLxOStZ+D9CYC+28ow==}
    cpu: [x64]
    os: [linux]
    libc: [musl]

  '@pnpm/exe.linux-x64@12.2.1':
    resolution: {integrity: sha512-A/AlR71Leph7qgB3ThSU9yU/vLfre4HmP6nbt3/qt51fzAjQ0xuq7j+cw0f1yDskzOsGzmo5uD6ruefCwLK5uQ==}
    cpu: [x64]
    os: [linux]
    libc: [glibc]

  '@pnpm/exe.win32-arm64@12.2.1':
    resolution: {integrity: sha512-TEGUmroT6NGfo2O2+tHK9Zr1lhP1zLzpwx+QAQV19l8V4ljUoMfz8Os5V9zzNCtIpzyKcK7SuG7fkVbxFgRMzg==}
    cpu: [arm64]
    os: [win32]

  '@pnpm/exe.win32-x64@12.2.1':
    resolution: {integrity: sha512-V2Q+AF8fCsw8/CC3bWF8kopOmH0aAjgk9m7H7uAQNulOYIJs9YJBiAlgByswmt+igV9axc4dBI//ZlK2NKpDcw==}
    cpu: [x64]
    os: [win32]

  pnpm@12.2.1:
    resolution: {integrity: sha512-9Vymiqy561q2nGb4KKmK+JoyKGcDrvH42hMcp+q01nfzS/qF4YZGepGcB5nfi29KokD33CkZszsycxkBBBYmFg==}
    engines: {node: '>=18.*'}
    hasBin: true

snapshots:

  '@pnpm/exe.darwin-arm64@12.2.1':
    optional: true

  '@pnpm/exe.darwin-x64@12.2.1':
    optional: true

  '@pnpm/exe.linux-arm64-musl@12.2.1':
    optional: true

  '@pnpm/exe.linux-arm64@12.2.1':
    optional: true

  '@pnpm/exe.linux-x64-musl@12.2.1':
    optional: true

  '@pnpm/exe.linux-x64@12.2.1':
    optional: true

  '@pnpm/exe.win32-arm64@12.2.1':
    optional: true

  '@pnpm/exe.win32-x64@12.2.1':
    optional: true

  pnpm@12.2.1:
    optionalDependencies:
      '@pnpm/exe.darwin-arm64': 12.2.1
      '@pnpm/exe.darwin-x64': 12.2.1
      '@pnpm/exe.linux-arm64': 12.2.1
      '@pnpm/exe.linux-arm64-musl': 12.2.1
      '@pnpm/exe.linux-x64': 12.2.1
      '@pnpm/exe.linux-x64-musl': 12.2.1
      '@pnpm/exe.win32-arm64': 12.2.1
      '@pnpm/exe.win32-x64': 12.2.1

---
lockfileVersion: '9.0'

settings:
  autoInstallPeers: true
  excludeLinksFromLockfile: false

importers:

  .:
    dependencies:
      consola:
        specifier: 3.4.2
        version: 3.4.2
      js-yaml:
        specifier: 5.3.0
        version: 5.3.0

packages:

  argparse@2.0.1:
    resolution: {integrity: sha512-8+9WqebbFzpX9OR+Wa6O29asIogeRMzcGtAINdpMHHyAg10f05aSFVBbcEqGf/PXw1EjAZ+q2/bEBg3DvurK3Q==}

  consola@3.4.2:
    resolution: {integrity: sha512-5IKcdX0nnYavi6G7TtOhwkYzyjfJlatbjMjuLSfE2kYT5pMDOilZ4OvMhi637CcDICTmz3wARPoyhqyX1Y+XvA==}
    engines: {node: ^14.18.0 || >=16.10.0}

  js-yaml@5.3.0:
    resolution: {integrity: sha512-muutsYr+e2+d3rTgUGslq5rxbBlUy3cJ61IsHag2QNDQV+7zXWjkUpmALIajhrlLlrgRUiymj6U3zUr/TMK84Q==}
    hasBin: true

snapshots:

  argparse@2.0.1: {}

  consola@3.4.2: {}

  js-yaml@5.3.0:
    dependencies:
      argparse: 2.0.1
